
Microsoft Visual Studio Solution File, Format Version 11.00
# Visual Studio 2010
Project("{FAE04EC0-301F-11D3-BF4B-00C04F79EFBC}") = "CannonAttack", "CannonAttack\CannonAttack.csproj", "{D2C64B2C-19AD-4F34-95F6-243556F365CC}"
EndProject
Project("{FAE04EC0-301F-11D3-BF4B-00C04F79EFBC}") = "CannonAttackTest", "CannonAttackTest\CannonAttackTest.csproj", "{857D91ED-6958-4D3B-84DA-EE63F3197D8C}"
EndProject
Project("{2150E333-8FDC-42A3-9474-1A3956D46DE8}") = "Solution Items", "Solution Items", "{813D7762-A64F-4DA6-A980-03D484B5F20E}"
	ProjectSection(SolutionItems) = preProject
		CannonAttack.vsmdi = CannonAttack.vsmdi
		Local.testsettings = Local.testsettings
		TraceAndTestImpact.testsettings = TraceAndTestImpact.testsettings
	EndProjectSection
EndProject
Global
	GlobalSection(TestCaseManagementSettings) = postSolution
		CategoryFile = CannonAttack.vsmdi
	EndGlobalSection
	GlobalSection(SolutionConfigurationPlatforms) = preSolution
		Debug|Any CPU = Debug|Any CPU
		Debug|Mixed Platforms = Debug|Mixed Platforms
		Debug|x86 = Debug|x86
		Release|Any CPU = Release|Any CPU
		Release|Mixed Platforms = Release|Mixed Platforms
		Release|x86 = Release|x86
	EndGlobalSection
	GlobalSection(ProjectConfigurationPlatforms) = postSolution
		{D2C64B2C-19AD-4F34-95F6-243556F365CC}.Debug|Any CPU.ActiveCfg = Debug|x86
		{D2C64B2C-19AD-4F34-95F6-243556F365CC}.Debug|Mixed Platforms.ActiveCfg = Debug|x86
		{D2C64B2C-19AD-4F34-95F6-243556F365CC}.Debug|Mixed Platforms.Build.0 = Debug|x86
		{D2C64B2C-19AD-4F34-95F6-243556F365CC}.Debug|x86.ActiveCfg = Debug|x86
		{D2C64B2C-19AD-4F34-95F6-243556F365CC}.Debug|x86.Build.0 = Debug|x86
		{D2C64B2C-19AD-4F34-95F6-243556F365CC}.Release|Any CPU.ActiveCfg = Release|x86
		{D2C64B2C-19AD-4F34-95F6-243556F365CC}.Release|Mixed Platforms.ActiveCfg = Release|x86
		{D2C64B2C-19AD-4F34-95F6-243556F365CC}.Release|Mixed Platforms.Build.0 = Release|x86
		{D2C64B2C-19AD-4F34-95F6-243556F365CC}.Release|x86.ActiveCfg = Release|x86
		{D2C64B2C-19AD-4F34-95F6-243556F365CC}.Release|x86.Build.0 = Release|x86
		{857D91ED-6958-4D3B-84DA-EE63F3197D8C}.Debug|Any CPU.ActiveCfg = Debug|Any CPU
		{857D91ED-6958-4D3B-84DA-EE63F3197D8C}.Debug|Any CPU.Build.0 = Debug|Any CPU
		{857D91ED-6958-4D3B-84DA-EE63F3197D8C}.Debug|Mixed Platforms.ActiveCfg = Debug|Any CPU
		{857D91ED-6958-4D3B-84DA-EE63F3197D8C}.Debug|Mixed Platforms.Build.0 = Debug|Any CPU
		{857D91ED-6958-4D3B-84DA-EE63F3197D8C}.Debug|x86.ActiveCfg = Debug|Any CPU
		{857D91ED-6958-4D3B-84DA-EE63F3197D8C}.Release|Any CPU.ActiveCfg = Release|Any CPU
		{857D91ED-6958-4D3B-84DA-EE63F3197D8C}.Release|Any CPU.Build.0 = Release|Any CPU
		{857D91ED-6958-4D3B-84DA-EE63F3197D8C}.Release|Mixed Platforms.ActiveCfg = Release|Any CPU
		{857D91ED-6958-4D3B-84DA-EE63F3197D8C}.Release|Mixed Platforms.Build.0 = Release|Any CPU
		{857D91ED-6958-4D3B-84DA-EE63F3197D8C}.Release|x86.ActiveCfg = Release|Any CPU
	EndGlobalSection
	GlobalSection(SolutionProperties) = preSolution
		HideSolutionNode = FALSE
	EndGlobalSection
EndGlobal
